// !$*UTF8*$!
{
	archiveVersion = 1;
	classes = {
	};
	objectVersion = 77;
	objects = {

/* Begin PBXContainerItemProxy section */
		B297A2E82DB6DBC100F50A67 /* PBXContainerItemProxy */ = {
			isa = PBXContainerItemProxy;
			containerPortal = B297A2CF2DB6DBC000F50A67 /* Project object */;
			proxyType = 1;
			remoteGlobalIDString = B297A2D62DB6DBC000F50A67;
			remoteInfo = "Final App";
		};
		B297A2F22DB6DBC100F50A67 /* PBXContainerItemProxy */ = {
			isa = PBXContainerItemProxy;
			containerPortal = B297A2CF2DB6DBC000F50A67 /* Project object */;
			proxyType = 1;
			remoteGlobalIDString = B297A2D62DB6DBC000F50A67;
			remoteInfo = "Final App";
		};
/* End PBXContainerItemProxy section */

/* Begin PBXFileReference section */
		B297A2D72DB6DBC000F50A67 /* Final App.app */ = {isa = PBXFileReference; explicitFileType = wrapper.application; includeInIndex = 0; path = "Final App.app"; sourceTree = BUILT_PRODUCTS_DIR; };
		B297A2E72DB6DBC100F50A67 /* Final AppTests.xctest */ = {isa = PBXFileReference; explicitFileType = wrapper.cfbundle; includeInIndex = 0; path = "Final AppTests.xctest"; sourceTree = BUILT_PRODUCTS_DIR; };
		B297A2F12DB6DBC100F50A67 /* Final AppUITests.xctest */ = {isa = PBXFileReference; explicitFileType = wrapper.cfbundle; includeInIndex = 0; path = "Final AppUITests.xctest"; sourceTree = BUILT_PRODUCTS_DIR; };
/* End PBXFileReference section */

/* Begin PBXFileSystemSynchronizedRootGroup section */
		B297A2D92DB6DBC000F50A67 /* Final App */ = {
			isa = PBXFileSystemSynchronizedRootGroup;
			path = "Final App";
			sourceTree = "<group>";
		};
		B297A2EA2DB6DBC100F50A67 /* Final AppTests */ = {
			isa = PBXFileSystemSynchronizedRootGroup;
			path = "Final AppTests";
			sourceTree = "<group>";
		};
		B297A2F42DB6DBC100F50A67 /* Final AppUITests */ = {
			isa = PBXFileSystemSynchronizedRootGroup;
			path = "Final AppUITests";
			sourceTree = "<group>";
		};
/* End PBXFileSystemSynchronizedRootGroup section */

/* Begin PBXFrameworksBuildPhase section */
		B297A2D42DB6DBC000F50A67 /* Frameworks */ = {
			isa = PBXFrameworksBuildPhase;
			buildActionMask = 2147483647;
			files = (
			);
			runOnlyForDeploymentPostprocessing = 0;
		};
		B297A2E42DB6DBC100F50A67 /* Frameworks */ = {
			isa = PBXFrameworksBuildPhase;
			buildActionMask = 2147483647;
			files = (
			);
			runOnlyForDeploymentPostprocessing = 0;
		};
		B297A2EE2DB6DBC100F50A67 /* Frameworks */ = {
			isa = PBXFrameworksBuildPhase;
			buildActionMask = 2147483647;
			files = (
			);
			runOnlyForDeploymentPostprocessing = 0;
		};
/* End PBXFrameworksBuildPhase section */

/* Begin PBXGroup section */
		B297A2CE2DB6DBC000F50A67 = {
			isa = PBXGroup;
			children = (
				B297A2D92DB6DBC000F50A67 /* Final App */,
				B297A2EA2DB6DBC100F50A67 /* Final AppTests */,
				B297A2F42DB6DBC100F50A67 /* Final AppUITests */,
				B297A2D82DB6DBC000F50A67 /* Products */,
			);
			sourceTree = "<group>";
		};
		B297A2D82DB6DBC000F50A67 /* Products */ = {
			isa = PBXGroup;
			children = (
				B297A2D72DB6DBC000F50A67 /* Final App.app */,
				B297A2E72DB6DBC100F50A67 /* Final AppTests.xctest */,
				B297A2F12DB6DBC100F50A67 /* Final AppUITests.xctest */,
			);
			name = Products;
			sourceTree = "<group>";
		};
/* End PBXGroup section */

/* Begin PBXNativeTarget section */
		B297A2D62DB6DBC000F50A67 /* Final App */ = {
			isa = PBXNativeTarget;
			buildConfigurationList = B297A2FB2DB6DBC100F50A67 /* Build configuration list for PBXNativeTarget "Final App" */;
			buildPhases = (
				B297A2D32DB6DBC000F50A67 /* Sources */,
				B297A2D42DB6DBC000F50A67 /* Frameworks */,
				B297A2D52DB6DBC000F50A67 /* Resources */,
			);
			buildRules = (
			);
			dependencies = (
			);
			fileSystemSynchronizedGroups = (
				B297A2D92DB6DBC000F50A67 /* Final App */,
			);
			name = "Final App";
			packageProductDependencies = (
			);
			productName = "Final App";
			productReference = B297A2D72DB6DBC000F50A67 /* Final App.app */;
			productType = "com.apple.product-type.application";
		};
		B297A2E62DB6DBC100F50A67 /* Final AppTests */ = {
			isa = PBXNativeTarget;
			buildConfigurationList = B297A2FE2DB6DBC100F50A67 /* Build configuration list for PBXNativeTarget "Final AppTests" */;
			buildPhases = (
				B297A2E32DB6DBC100F50A67 /* Sources */,
				B297A2E42DB6DBC100F50A67 /* Frameworks */,
				B297A2E52DB6DBC100F50A67 /* Resources */,
			);
			buildRules = (
			);
			dependencies = (
				B297A2E92DB6DBC100F50A67 /* PBXTargetDependency */,
			);
			fileSystemSynchronizedGroups = (
				B297A2EA2DB6DBC100F50A67 /* Final AppTests */,
			);
			name = "Final AppTests";
			packageProductDependencies = (
			);
			productName = "Final AppTests";
			productReference = B297A2E72DB6DBC100F50A67 /* Final AppTests.xctest */;
			productType = "com.apple.product-type.bundle.unit-test";
		};
		B297A2F02DB6DBC100F50A67 /* Final AppUITests */ = {
			isa = PBXNativeTarget;
			buildConfigurationList = B297A3012DB6DBC100F50A67 /* Build configuration list for PBXNativeTarget "Final AppUITests" */;
			buildPhases = (
				B297A2ED2DB6DBC100F50A67 /* Sources */,
				B297A2EE2DB6DBC100F50A67 /* Frameworks */,
				B297A2EF2DB6DBC100F50A67 /* Resources */,
			);
			buildRules = (
			);
			dependencies = (
				B297A2F32DB6DBC100F50A67 /* PBXTargetDependency */,
			);
			fileSystemSynchronizedGroups = (
				B297A2F42DB6DBC100F50A67 /* Final AppUITests */,
			);
			name = "Final AppUITests";
			packageProductDependencies = (
			);
			productName = "Final AppUITests";
			productReference = B297A2F12DB6DBC100F50A67 /* Final AppUITests.xctest */;
			productType = "com.apple.product-type.bundle.ui-testing";
		};
/* End PBXNativeTarget section */

/* Begin PBXProject section */
		B297A2CF2DB6DBC000F50A67 /* Project object */ = {
			isa = PBXProject;
			attributes = {
				BuildIndependentTargetsInParallel = 1;
				LastSwiftUpdateCheck = 1620;
				LastUpgradeCheck = 1620;
				TargetAttributes = {
					B297A2D62DB6DBC000F50A67 = {
						CreatedOnToolsVersion = 16.2;
					};
					B297A2E62DB6DBC100F50A67 = {
						CreatedOnToolsVersion = 16.2;
						TestTargetID = B297A2D62DB6DBC000F50A67;
					};
					B297A2F02DB6DBC100F50A67 = {
						CreatedOnToolsVersion = 16.2;
						TestTargetID = B297A2D62DB6DBC000F50A67;
					};
				};
			};
			buildConfigurationList = B297A2D22DB6DBC000F50A67 /* Build configuration list for PBXProject "Final App" */;
			developmentRegion = en;
			hasScannedForEncodings = 0;
			knownRegions = (
				en,
				Base,
			);
			mainGroup = B297A2CE2DB6DBC000F50A67;
			minimizedProjectReferenceProxies = 1;
			preferredProjectObjectVersion = 77;
			productRefGroup = B297A2D82DB6DBC000F50A67 /* Products */;
			projectDirPath = "";
			projectRoot = "";
			targets = (
				B297A2D62DB6DBC000F50A67 /* Final App */,
				B297A2E62DB6DBC100F50A67 /* Final AppTests */,
				B297A2F02DB6DBC100F50A67 /* Final AppUITests */,
			);
		};
/* End PBXProject section */

/* Begin PBXResourcesBuildPhase section */
		B297A2D52DB6DBC000F50A67 /* Resources */ = {
			isa = PBXResourcesBuildPhase;
			buildActionMask = 2147483647;
			files = (
			);
			runOnlyForDeploymentPostprocessing = 0;
		};
		B297A2E52DB6DBC100F50A67 /* Resources */ = {
			isa = PBXResourcesBuildPhase;
			buildActionMask = 2147483647;
			files = (
			);
			runOnlyForDeploymentPostprocessing = 0;
		};
		B297A2EF2DB6DBC100F50A67 /* Resources */ = {
			isa = PBXResourcesBuildPhase;
			buildActionMask = 2147483647;
			files = (
			);
			runOnlyForDeploymentPostprocessing = 0;
		};
/* End PBXResourcesBuildPhase section */

/* Begin PBXSourcesBuildPhase section */
		B297A2D32DB6DBC000F50A67 /* Sources */ = {
			isa = PBXSourcesBuildPhase;
			buildActionMask = 2147483647;
			files = (
			);
			runOnlyForDeploymentPostprocessing = 0;
		};
		B297A2E32DB6DBC100F50A67 /* Sources */ = {
			isa = PBXSourcesBuildPhase;
			buildActionMask = 2147483647;
			files = (
			);
			runOnlyForDeploymentPostprocessing = 0;
		};
		B297A2ED2DB6DBC100F50A67 /* Sources */ = {
			isa = PBXSourcesBuildPhase;
			buildActionMask = 2147483647;
			files = (
			);
			runOnlyForDeploymentPostprocessing = 0;
		};
/* End PBXSourcesBuildPhase section */

/* Begin PBXTargetDependency section */
		B297A2E92DB6DBC100F50A67 /* PBXTargetDependency */ = {
			isa = PBXTargetDependency;
			target = B297A2D62DB6DBC000F50A67 /* Final App */;
			targetProxy = B297A2E82DB6DBC100F50A67 /* PBXContainerItemProxy */;
		};
		B297A2F32DB6DBC100F50A67 /* PBXTargetDependency */ = {
			isa = PBXTargetDependency;
			target = B297A2D62DB6DBC000F50A67 /* Final App */;
			targetProxy = B297A2F22DB6DBC100F50A67 /* PBXContainerItemProxy */;
		};
/* End PBXTargetDependency section */

/* Begin XCBuildConfiguration section */
		B297A2F92DB6DBC100F50A67 /* Debug */ = {
			isa = XCBuildConfiguration;
			buildSettings = {
				ALWAYS_SEARCH_USER_PATHS = NO;
				ASSETCATALOG_COMPILER_GENERATE_SWIFT_ASSET_SYMBOL_EXTENSIONS = YES;
				CLANG_ANALYZER_NONNULL = YES;
				CLANG_ANALYZER_NUMBER_OBJECT_CONVERSION = YES_AGGRESSIVE;
				CLANG_CXX_LANGUAGE_STANDARD = "gnu++20";
				CLANG_ENABLE_MODULES = YES;
				CLANG_ENABLE_OBJC_ARC = YES;
				CLANG_ENABLE_OBJC_WEAK = YES;
				CLANG_WARN_BLOCK_CAPTURE_AUTORELEASING = YES;
				CLANG_WARN_BOOL_CONVERSION = YES;
				CLANG_WARN_COMMA = YES;
				CLANG_WARN_CONSTANT_CONVERSION = YES;
				CLANG_WARN_DEPRECATED_OBJC_IMPLEMENTATIONS = YES;
				CLANG_WARN_DIRECT_OBJC_ISA_USAGE = YES_ERROR;
				CLANG_WARN_DOCUMENTATION_COMMENTS = YES;
				CLANG_WARN_EMPTY_BODY = YES;
				CLANG_WARN_ENUM_CONVERSION = YES;
				CLANG_WARN_INFINITE_RECURSION = YES;
				CLANG_WARN_INT_CONVERSION = YES;
				CLANG_WARN_NON_LITERAL_NULL_CONVERSION = YES;
				CLANG_WARN_OBJC_IMPLICIT_RETAIN_SELF = YES;
				CLANG_WARN_OBJC_LITERAL_CONVERSION = YES;
				CLANG_WARN_OBJC_ROOT_CLASS = YES_ERROR;
				CLANG_WARN_QUOTED_INCLUDE_IN_FRAMEWORK_HEADER = YES;
				CLANG_WARN_RANGE_LOOP_ANALYSIS = YES;
				CLANG_WARN_STRICT_PROTOTYPES = YES;
				CLANG_WARN_SUSPICIOUS_MOVE = YES;
				CLANG_WARN_UNGUARDED_AVAILABILITY = YES_AGGRESSIVE;
				CLANG_WARN_UNREACHABLE_CODE = YES;
				CLANG_WARN__DUPLICATE_METHOD_MATCH = YES;
				COPY_PHASE_STRIP = NO;
				DEBUG_INFORMATION_FORMAT = dwarf;
				ENABLE_STRICT_OBJC_MSGSEND = YES;
				ENABLE_TESTABILITY = YES;
				ENABLE_USER_SCRIPT_SANDBOXING = YES;
				GCC_C_LANGUAGE_STANDARD = gnu17;
				GCC_DYNAMIC_NO_PIC = NO;
				GCC_NO_COMMON_BLOCKS = YES;
				GCC_OPTIMIZATION_LEVEL = 0;
				GCC_PREPROCESSOR_DEFINITIONS = (
					"DEBUG=1",
					"$(inherited)",
				);
				GCC_WARN_64_TO_32_BIT_CONVERSION = YES;
				GCC_WARN_ABOUT_RETURN_TYPE = YES_ERROR;
				GCC_WARN_UNDECLARED_SELECTOR = YES;
				GCC_WARN_UNINITIALIZED_AUTOS = YES_AGGRESSIVE;
				GCC_WARN_UNUSED_FUNCTION = YES;
				GCC_WARN_UNUSED_VARIABLE = YES;
				IPHONEOS_DEPLOYMENT_TARGET = 18.2;
				LOCALIZATION_PREFERS_STRING_CATALOGS = YES;
				MTL_ENABLE_DEBUG_INFO = INCLUDE_SOURCE;
				MTL_FAST_MATH = YES;
				ONLY_ACTIVE_ARCH = YES;
				SDKROOT = iphoneos;
				SWIFT_ACTIVE_COMPILATION_CONDITIONS = "DEBUG $(inherited)";
				SWIFT_OPTIMIZATION_LEVEL = "-Onone";
			};
			name = Debug;
		};
		B297A2FA2DB6DBC100F50A67 /* Release */ = {
			isa = XCBuildConfiguration;
			buildSettings = {
				ALWAYS_SEARCH_USER_PATHS = NO;
				ASSETCATALOG_COMPILER_GENERATE_SWIFT_ASSET_SYMBOL_EXTENSIONS = YES;
				CLANG_ANALYZER_NONNULL = YES;
				CLANG_ANALYZER_NUMBER_OBJECT_CONVERSION = YES_AGGRESSIVE;
				CLANG_CXX_LANGUAGE_STANDARD = "gnu++20";
				CLANG_ENABLE_MODULES = YES;
				CLANG_ENABLE_OBJC_ARC = YES;
				CLANG_ENABLE_OBJC_WEAK = YES;
				CLANG_WARN_BLOCK_CAPTURE_AUTORELEASING = YES;
				CLANG_WARN_BOOL_CONVERSION = YES;
				CLANG_WARN_COMMA = YES;
				CLANG_WARN_CONSTANT_CONVERSION = YES;
				CLANG_WARN_DEPRECATED_OBJC_IMPLEMENTATIONS = YES;
				CLANG_WARN_DIRECT_OBJC_ISA_USAGE = YES_ERROR;
				CLANG_WARN_DOCUMENTATION_COMMENTS = YES;
				CLANG_WARN_EMPTY_BODY = YES;
				CLANG_WARN_ENUM_CONVERSION = YES;
				CLANG_WARN_INFINITE_RECURSION = YES;
				CLANG_WARN_INT_CONVERSION = YES;
				CLANG_WARN_NON_LITERAL_NULL_CONVERSION = YES;
				CLANG_WARN_OBJC_IMPLICIT_RETAIN_SELF = YES;
				CLANG_WARN_OBJC_LITERAL_CONVERSION = YES;
				CLANG_WARN_OBJC_ROOT_CLASS = YES_ERROR;
				CLANG_WARN_QUOTED_INCLUDE_IN_FRAMEWORK_HEADER = YES;
				CLANG_WARN_RANGE_LOOP_ANALYSIS = YES;
				CLANG_WARN_STRICT_PROTOTYPES = YES;
				CLANG_WARN_SUSPICIOUS_MOVE = YES;
				CLANG_WARN_UNGUARDED_AVAILABILITY = YES_AGGRESSIVE;
				CLANG_WARN_UNREACHABLE_CODE = YES;
				CLANG_WARN__DUPLICATE_METHOD_MATCH = YES;
				COPY_PHASE_STRIP = NO;
				DEBUG_INFORMATION_FORMAT = "dwarf-with-dsym";
				ENABLE_NS_ASSERTIONS = NO;
				ENABLE_STRICT_OBJC_MSGSEND = YES;
				ENABLE_USER_SCRIPT_SANDBOXING = YES;
				GCC_C_LANGUAGE_STANDARD = gnu17;
				GCC_NO_COMMON_BLOCKS = YES;
				GCC_WARN_64_TO_32_BIT_CONVERSION = YES;
				GCC_WARN_ABOUT_RETURN_TYPE = YES_ERROR;
				GCC_WARN_UNDECLARED_SELECTOR = YES;
				GCC_WARN_UNINITIALIZED_AUTOS = YES_AGGRESSIVE;
				GCC_WARN_UNUSED_FUNCTION = YES;
				GCC_WARN_UNUSED_VARIABLE = YES;
				IPHONEOS_DEPLOYMENT_TARGET = 18.2;
				LOCALIZATION_PREFERS_STRING_CATALOGS = YES;
				MTL_ENABLE_DEBUG_INFO = NO;
				MTL_FAST_MATH = YES;
				SDKROOT = iphoneos;
				SWIFT_COMPILATION_MODE = wholemodule;
				VALIDATE_PRODUCT = YES;
			};
			name = Release;
		};
		B297A2FC2DB6DBC100F50A67 /* Debug */ = {
			isa = XCBuildConfiguration;
			buildSettings = {
				ASSETCATALOG_COMPILER_APPICON_NAME = AppIcon;
				ASSETCATALOG_COMPILER_GLOBAL_ACCENT_COLOR_NAME = AccentColor;
				CODE_SIGN_STYLE = Automatic;
				CURRENT_PROJECT_VERSION = 1;
				DEVELOPMENT_ASSET_PATHS = "\"Final App/Preview Content\"";
				ENABLE_PREVIEWS = YES;
				GENERATE_INFOPLIST_FILE = YES;
				INFOPLIST_KEY_UIApplicationSceneManifest_Generation = YES;
				INFOPLIST_KEY_UIApplicationSupportsIndirectInputEvents = YES;
				INFOPLIST_KEY_UILaunchScreen_Generation = YES;
				INFOPLIST_KEY_UISupportedInterfaceOrientations_iPad = "UIInterfaceOrientationPortrait UIInterfaceOrientationPortraitUpsideDown UIInterfaceOrientationLandscapeLeft UIInterfaceOrientationLandscapeRight";
				INFOPLIST_KEY_UISupportedInterfaceOrientations_iPhone = "UIInterfaceOrientationPortrait UIInterfaceOrientationLandscapeLeft UIInterfaceOrientationLandscapeRight";
				LD_RUNPATH_SEARCH_PATHS = (
					"$(inherited)",
					"@executable_path/Frameworks",
				);
				MARKETING_VERSION = 1.0;
				PRODUCT_BUNDLE_IDENTIFIER = "RMHS.Final-App";
				PRODUCT_NAME = "$(TARGET_NAME)";
				SWIFT_EMIT_LOC_STRINGS = YES;
				SWIFT_VERSION = 5.0;
				TARGETED_DEVICE_FAMILY = "1,2";
			};
			name = Debug;
		};
		B297A2FD2DB6DBC100F50A67 /* Release */ = {
			isa = XCBuildConfiguration;
			buildSettings = {
				ASSETCATALOG_COMPILER_APPICON_NAME = AppIcon;
				ASSETCATALOG_COMPILER_GLOBAL_ACCENT_COLOR_NAME = AccentColor;
				CODE_SIGN_STYLE = Automatic;
				CURRENT_PROJECT_VERSION = 1;
				DEVELOPMENT_ASSET_PATHS = "\"Final App/Preview Content\"";
				ENABLE_PREVIEWS = YES;
				GENERATE_INFOPLIST_FILE = YES;
				INFOPLIST_KEY_UIApplicationSceneManifest_Generation = YES;
				INFOPLIST_KEY_UIApplicationSupportsIndirectInputEvents = YES;
				INFOPLIST_KEY_UILaunchScreen_Generation = YES;
				INFOPLIST_KEY_UISupportedInterfaceOrientations_iPad = "UIInterfaceOrientationPortrait UIInterfaceOrientationPortraitUpsideDown UIInterfaceOrientationLandscapeLeft UIInterfaceOrientationLandscapeRight";
				INFOPLIST_KEY_UISupportedInterfaceOrientations_iPhone = "UIInterfaceOrientationPortrait UIInterfaceOrientationLandscapeLeft UIInterfaceOrientationLandscapeRight";
				LD_RUNPATH_SEARCH_PATHS = (
					"$(inherited)",
					"@executable_path/Frameworks",
				);
				MARKETING_VERSION = 1.0;
				PRODUCT_BUNDLE_IDENTIFIER = "RMHS.Final-App";
				PRODUCT_NAME = "$(TARGET_NAME)";
				SWIFT_EMIT_LOC_STRINGS = YES;
				SWIFT_VERSION = 5.0;
				TARGETED_DEVICE_FAMILY = "1,2";
			};
			name = Release;
		};
		B297A2FF2DB6DBC100F50A67 /* Debug */ = {
			isa = XCBuildConfiguration;
			buildSettings = {
				BUNDLE_LOADER = "$(TEST_HOST)";
				CODE_SIGN_STYLE = Automatic;
				CURRENT_PROJECT_VERSION = 1;
				GENERATE_INFOPLIST_FILE = YES;
				IPHONEOS_DEPLOYMENT_TARGET = 18.2;
				MARKETING_VERSION = 1.0;
				PRODUCT_BUNDLE_IDENTIFIER = "RMHS.Final-AppTests";
				PRODUCT_NAME = "$(TARGET_NAME)";
				SWIFT_EMIT_LOC_STRINGS = NO;
				SWIFT_VERSION = 5.0;
				TARGETED_DEVICE_FAMILY = "1,2";
				TEST_HOST = "$(BUILT_PRODUCTS_DIR)/Final App.app/$(BUNDLE_EXECUTABLE_FOLDER_PATH)/Final App";
			};
			name = Debug;
		};
		B297A3002DB6DBC100F50A67 /* Release */ = {
			isa = XCBuildConfiguration;
			buildSettings = {
				BUNDLE_LOADER = "$(TEST_HOST)";
				CODE_SIGN_STYLE = Automatic;
				CURRENT_PROJECT_VERSION = 1;
				GENERATE_INFOPLIST_FILE = YES;
				IPHONEOS_DEPLOYMENT_TARGET = 18.2;
				MARKETING_VERSION = 1.0;
				PRODUCT_BUNDLE_IDENTIFIER = "RMHS.Final-AppTests";
				PRODUCT_NAME = "$(TARGET_NAME)";
				SWIFT_EMIT_LOC_STRINGS = NO;
				SWIFT_VERSION = 5.0;
				TARGETED_DEVICE_FAMILY = "1,2";
				TEST_HOST = "$(BUILT_PRODUCTS_DIR)/Final App.app/$(BUNDLE_EXECUTABLE_FOLDER_PATH)/Final App";
			};
			name = Release;
		};
		B297A3022DB6DBC100F50A67 /* Debug */ = {
			isa = XCBuildConfiguration;
			buildSettings = {
				CODE_SIGN_STYLE = Automatic;
				CURRENT_PROJECT_VERSION = 1;
				GENERATE_INFOPLIST_FILE = YES;
				MARKETING_VERSION = 1.0;
				PRODUCT_BUNDLE_IDENTIFIER = "RMHS.Final-AppUITests";
				PRODUCT_NAME = "$(TARGET_NAME)";
				SWIFT_EMIT_LOC_STRINGS = NO;
				SWIFT_VERSION = 5.0;
				TARGETED_DEVICE_FAMILY = "1,2";
				TEST_TARGET_NAME = "Final App";
			};
			name = Debug;
		};
		B297A3032DB6DBC100F50A67 /* Release */ = {
			isa = XCBuildConfiguration;
			buildSettings = {
				CODE_SIGN_STYLE = Automatic;
				CURRENT_PROJECT_VERSION = 1;
				GENERATE_INFOPLIST_FILE = YES;
				MARKETING_VERSION = 1.0;
				PRODUCT_BUNDLE_IDENTIFIER = "RMHS.Final-AppUITests";
				PRODUCT_NAME = "$(TARGET_NAME)";
				SWIFT_EMIT_LOC_STRINGS = NO;
				SWIFT_VERSION = 5.0;
				TARGETED_DEVICE_FAMILY = "1,2";
				TEST_TARGET_NAME = "Final App";
			};
			name = Release;
		};
/* End XCBuildConfiguration section */

/* Begin XCConfigurationList section */
		B297A2D22DB6DBC000F50A67 /* Build configuration list for PBXProject "Final App" */ = {
			isa = XCConfigurationList;
			buildConfigurations = (
				B297A2F92DB6DBC100F50A67 /* Debug */,
				B297A2FA2DB6DBC100F50A67 /* Release */,
			);
			defaultConfigurationIsVisible = 0;
			defaultConfigurationName = Release;
		};
		B297A2FB2DB6DBC100F50A67 /* Build configuration list for PBXNativeTarget "Final App" */ = {
			isa = XCConfigurationList;
			buildConfigurations = (
				B297A2FC2DB6DBC100F50A67 /* Debug */,
				B297A2FD2DB6DBC100F50A67 /* Release */,
			);
			defaultConfigurationIsVisible = 0;
			defaultConfigurationName = Release;
		};
		B297A2FE2DB6DBC100F50A67 /* Build configuration list for PBXNativeTarget "Final AppTests" */ = {
			isa = XCConfigurationList;
			buildConfigurations = (
				B297A2FF2DB6DBC100F50A67 /* Debug */,
				B297A3002DB6DBC100F50A67 /* Release */,
			);
			defaultConfigurationIsVisible = 0;
			defaultConfigurationName = Release;
		};
		B297A3012DB6DBC100F50A67 /* Build configuration list for PBXNativeTarget "Final AppUITests" */ = {
			isa = XCConfigurationList;
			buildConfigurations = (
				B297A3022DB6DBC100F50A67 /* Debug */,
				B297A3032DB6DBC100F50A67 /* Release */,
			);
			defaultConfigurationIsVisible = 0;
			defaultConfigurationName = Release;
		};
/* End XCConfigurationList section */
	};
	rootObject = B297A2CF2DB6DBC000F50A67 /* Project object */;
}
